
Microsoft Visual Studio Solution File, Format Version 12.00
# Visual Studio Version 16
VisualStudioVersion = 16.0.31410.357
MinimumVisualStudioVersion = 10.0.40219.1
Project("{9A19103F-16F7-4668-BE54-9A1E7A4F7556}") = "ReadingIsGood.Customer.API", "ReadingIsGood.Customer.API\ReadingIsGood.Customer.API.csproj", "{674AFEAF-6AAB-4629-95D7-429A7A3AAE8B}"
EndProject
Project("{9A19103F-16F7-4668-BE54-9A1E7A4F7556}") = "ReadingIsGood.Order.API", "ReadingIsGood.Order.API\ReadingIsGood.Order.API.csproj", "{84A4EF90-49CF-4B67-A2D4-84E757CE0BE9}"
EndProject
Project("{9A19103F-16F7-4668-BE54-9A1E7A4F7556}") = "ReadingIsGood.Authorization.API", "ReadingIsGood.Authorization.API\ReadingIsGood.Authorization.API.csproj", "{267A1420-8B49-4B6C-8D22-6B9DF6B55512}"
EndProject
Project("{2150E333-8FDC-42A3-9474-1A3956D46DE8}") = "Endpoints", "Endpoints", "{2ADEE33B-D2BC-421D-9A4F-49569A519F6E}"
EndProject
Project("{2150E333-8FDC-42A3-9474-1A3956D46DE8}") = "Reverse Proxy", "Reverse Proxy", "{CB9906F0-0E9E-4680-8B19-1259F5F34876}"
EndProject
Project("{9A19103F-16F7-4668-BE54-9A1E7A4F7556}") = "ReadingIsGood.Gateway.API", "ReadingIsGood.Gateway.API\ReadingIsGood.Gateway.API.csproj", "{E1083D09-37CA-4C20-9C70-98272E853D13}"
EndProject
Project("{9A19103F-16F7-4668-BE54-9A1E7A4F7556}") = "ReadingIsGood.Data.Interface", "ReadingIsGood.Data.Interface\ReadingIsGood.Data.Interface.csproj", "{A236C8FF-13A7-4514-B25B-3305AD31594D}"
EndProject
Project("{9A19103F-16F7-4668-BE54-9A1E7A4F7556}") = "ReadingIsGood.Data.Service", "ReadingIsGood.Data.Service\ReadingIsGood.Data.Service.csproj", "{9B714FC9-2CF9-493F-8589-9BAAC7FA4F3B}"
EndProject
Project("{9A19103F-16F7-4668-BE54-9A1E7A4F7556}") = "ReadingIsGood.Business.Middleware", "ReadingIsGood.Business.Middleware\ReadingIsGood.Business.Middleware.csproj", "{21E7B193-2831-464C-8150-222497C3C7A4}"
EndProject
Project("{9A19103F-16F7-4668-BE54-9A1E7A4F7556}") = "ReadingIsGood.Data.Entity", "ReadingIsGood.Data.Entity\ReadingIsGood.Data.Entity.csproj", "{406D3EEE-2CD8-4BAE-98DB-A454CB15592D}"
EndProject
Project("{9A19103F-16F7-4668-BE54-9A1E7A4F7556}") = "ReadingIsGood.Business.Attribute", "ReadingIsGood.Business.Attribute\ReadingIsGood.Business.Attribute.csproj", "{D0BB3B1E-6A37-42E3-87B0-A13553174243}"
EndProject
Project("{9A19103F-16F7-4668-BE54-9A1E7A4F7556}") = "ReadingIsGood.Business.DTO", "ReadingIsGood.Business.DTO\ReadingIsGood.Business.DTO.csproj", "{AD66586D-4083-42E6-8A83-485B729F5BC1}"
EndProject
Project("{9A19103F-16F7-4668-BE54-9A1E7A4F7556}") = "ReadingIsGood.Helper", "ReadingIsGood.Helper\ReadingIsGood.Helper.csproj", "{7CE6D2F4-B765-4567-BE0A-2151C190C6E1}"
EndProject
Project("{2150E333-8FDC-42A3-9474-1A3956D46DE8}") = "_configs", "_configs", "{3A966F21-F11E-4F5D-99ED-0C5ED04FF435}"
	ProjectSection(SolutionItems) = preProject
		_configs\appsettings.Development.json = _configs\appsettings.Development.json
		_configs\appsettings.json = _configs\appsettings.json
	EndProjectSection
EndProject
Project("{2150E333-8FDC-42A3-9474-1A3956D46DE8}") = "DAL", "DAL", "{7D71B8E0-0545-40A2-AF72-5CBA4879A83B}"
EndProject
Project("{FAE04EC0-301F-11D3-BF4B-00C04F79EFBC}") = "ReadingIsGood.Data.Migration", "ReadingIsGood.Data.Migration\ReadingIsGood.Data.Migration.csproj", "{92D4F6C8-D1C7-489A-B718-55EB1F6DEC12}"
EndProject
Project("{FAE04EC0-301F-11D3-BF4B-00C04F79EFBC}") = "ReadingIsGood.Context", "ReadingIsGood.Context\ReadingIsGood.Context.csproj", "{6B137927-BB91-474E-A515-A19DA0DBF274}"
EndProject
Project("{FAE04EC0-301F-11D3-BF4B-00C04F79EFBC}") = "ReadingIsGood.Handler", "ReadingIsGood.Handler\ReadingIsGood.Handler.csproj", "{C8DB7E0D-7EB7-4C86-831C-3D4799F2FD22}"
EndProject
Global
	GlobalSection(SolutionConfigurationPlatforms) = preSolution
		Debug|Any CPU = Debug|Any CPU
		Release|Any CPU = Release|Any CPU
	EndGlobalSection
	GlobalSection(ProjectConfigurationPlatforms) = postSolution
		{674AFEAF-6AAB-4629-95D7-429A7A3AAE8B}.Debug|Any CPU.ActiveCfg = Debug|Any CPU
		{674AFEAF-6AAB-4629-95D7-429A7A3AAE8B}.Debug|Any CPU.Build.0 = Debug|Any CPU
		{674AFEAF-6AAB-4629-95D7-429A7A3AAE8B}.Release|Any CPU.ActiveCfg = Release|Any CPU
		{674AFEAF-6AAB-4629-95D7-429A7A3AAE8B}.Release|Any CPU.Build.0 = Release|Any CPU
		{84A4EF90-49CF-4B67-A2D4-84E757CE0BE9}.Debug|Any CPU.ActiveCfg = Debug|Any CPU
		{84A4EF90-49CF-4B67-A2D4-84E757CE0BE9}.Debug|Any CPU.Build.0 = Debug|Any CPU
		{84A4EF90-49CF-4B67-A2D4-84E757CE0BE9}.Release|Any CPU.ActiveCfg = Release|Any CPU
		{84A4EF90-49CF-4B67-A2D4-84E757CE0BE9}.Release|Any CPU.Build.0 = Release|Any CPU
		{267A1420-8B49-4B6C-8D22-6B9DF6B55512}.Debug|Any CPU.ActiveCfg = Debug|Any CPU
		{267A1420-8B49-4B6C-8D22-6B9DF6B55512}.Debug|Any CPU.Build.0 = Debug|Any CPU
		{267A1420-8B49-4B6C-8D22-6B9DF6B55512}.Release|Any CPU.ActiveCfg = Release|Any CPU
		{267A1420-8B49-4B6C-8D22-6B9DF6B55512}.Release|Any CPU.Build.0 = Release|Any CPU
		{E1083D09-37CA-4C20-9C70-98272E853D13}.Debug|Any CPU.ActiveCfg = Debug|Any CPU
		{E1083D09-37CA-4C20-9C70-98272E853D13}.Debug|Any CPU.Build.0 = Debug|Any CPU
		{E1083D09-37CA-4C20-9C70-98272E853D13}.Release|Any CPU.ActiveCfg = Release|Any CPU
		{E1083D09-37CA-4C20-9C70-98272E853D13}.Release|Any CPU.Build.0 = Release|Any CPU
		{A236C8FF-13A7-4514-B25B-3305AD31594D}.Debug|Any CPU.ActiveCfg = Debug|Any CPU
		{A236C8FF-13A7-4514-B25B-3305AD31594D}.Debug|Any CPU.Build.0 = Debug|Any CPU
		{A236C8FF-13A7-4514-B25B-3305AD31594D}.Release|Any CPU.ActiveCfg = Release|Any CPU
		{A236C8FF-13A7-4514-B25B-3305AD31594D}.Release|Any CPU.Build.0 = Release|Any CPU
		{9B714FC9-2CF9-493F-8589-9BAAC7FA4F3B}.Debug|Any CPU.ActiveCfg = Debug|Any CPU
		{9B714FC9-2CF9-493F-8589-9BAAC7FA4F3B}.Debug|Any CPU.Build.0 = Debug|Any CPU
		{9B714FC9-2CF9-493F-8589-9BAAC7FA4F3B}.Release|Any CPU.ActiveCfg = Release|Any CPU
		{9B714FC9-2CF9-493F-8589-9BAAC7FA4F3B}.Release|Any CPU.Build.0 = Release|Any CPU
		{21E7B193-2831-464C-8150-222497C3C7A4}.Debug|Any CPU.ActiveCfg = Debug|Any CPU
		{21E7B193-2831-464C-8150-222497C3C7A4}.Debug|Any CPU.Build.0 = Debug|Any CPU
		{21E7B193-2831-464C-8150-222497C3C7A4}.Release|Any CPU.ActiveCfg = Release|Any CPU
		{21E7B193-2831-464C-8150-222497C3C7A4}.Release|Any CPU.Build.0 = Release|Any CPU
		{406D3EEE-2CD8-4BAE-98DB-A454CB15592D}.Debug|Any CPU.ActiveCfg = Debug|Any CPU
		{406D3EEE-2CD8-4BAE-98DB-A454CB15592D}.Debug|Any CPU.Build.0 = Debug|Any CPU
		{406D3EEE-2CD8-4BAE-98DB-A454CB15592D}.Release|Any CPU.ActiveCfg = Release|Any CPU
		{406D3EEE-2CD8-4BAE-98DB-A454CB15592D}.Release|Any CPU.Build.0 = Release|Any CPU
		{D0BB3B1E-6A37-42E3-87B0-A13553174243}.Debug|Any CPU.ActiveCfg = Debug|Any CPU
		{D0BB3B1E-6A37-42E3-87B0-A13553174243}.Debug|Any CPU.Build.0 = Debug|Any CPU
		{D0BB3B1E-6A37-42E3-87B0-A13553174243}.Release|Any CPU.ActiveCfg = Release|Any CPU
		{D0BB3B1E-6A37-42E3-87B0-A13553174243}.Release|Any CPU.Build.0 = Release|Any CPU
		{AD66586D-4083-42E6-8A83-485B729F5BC1}.Debug|Any CPU.ActiveCfg = Debug|Any CPU
		{AD66586D-4083-42E6-8A83-485B729F5BC1}.Debug|Any CPU.Build.0 = Debug|Any CPU
		{AD66586D-4083-42E6-8A83-485B729F5BC1}.Release|Any CPU.ActiveCfg = Release|Any CPU
		{AD66586D-4083-42E6-8A83-485B729F5BC1}.Release|Any CPU.Build.0 = Release|Any CPU
		{7CE6D2F4-B765-4567-BE0A-2151C190C6E1}.Debug|Any CPU.ActiveCfg = Debug|Any CPU
		{7CE6D2F4-B765-4567-BE0A-2151C190C6E1}.Debug|Any CPU.Build.0 = Debug|Any CPU
		{7CE6D2F4-B765-4567-BE0A-2151C190C6E1}.Release|Any CPU.ActiveCfg = Release|Any CPU
		{7CE6D2F4-B765-4567-BE0A-2151C190C6E1}.Release|Any CPU.Build.0 = Release|Any CPU
		{92D4F6C8-D1C7-489A-B718-55EB1F6DEC12}.Debug|Any CPU.ActiveCfg = Debug|Any CPU
		{92D4F6C8-D1C7-489A-B718-55EB1F6DEC12}.Debug|Any CPU.Build.0 = Debug|Any CPU
		{92D4F6C8-D1C7-489A-B718-55EB1F6DEC12}.Release|Any CPU.ActiveCfg = Release|Any CPU
		{92D4F6C8-D1C7-489A-B718-55EB1F6DEC12}.Release|Any CPU.Build.0 = Release|Any CPU
		{6B137927-BB91-474E-A515-A19DA0DBF274}.Debug|Any CPU.ActiveCfg = Debug|Any CPU
		{6B137927-BB91-474E-A515-A19DA0DBF274}.Debug|Any CPU.Build.0 = Debug|Any CPU
		{6B137927-BB91-474E-A515-A19DA0DBF274}.Release|Any CPU.ActiveCfg = Release|Any CPU
		{6B137927-BB91-474E-A515-A19DA0DBF274}.Release|Any CPU.Build.0 = Release|Any CPU
		{C8DB7E0D-7EB7-4C86-831C-3D4799F2FD22}.Debug|Any CPU.ActiveCfg = Debug|Any CPU
		{C8DB7E0D-7EB7-4C86-831C-3D4799F2FD22}.Debug|Any CPU.Build.0 = Debug|Any CPU
		{C8DB7E0D-7EB7-4C86-831C-3D4799F2FD22}.Release|Any CPU.ActiveCfg = Release|Any CPU
		{C8DB7E0D-7EB7-4C86-831C-3D4799F2FD22}.Release|Any CPU.Build.0 = Release|Any CPU
	EndGlobalSection
	GlobalSection(SolutionProperties) = preSolution
		HideSolutionNode = FALSE
	EndGlobalSection
	GlobalSection(NestedProjects) = preSolution
		{674AFEAF-6AAB-4629-95D7-429A7A3AAE8B} = {2ADEE33B-D2BC-421D-9A4F-49569A519F6E}
		{84A4EF90-49CF-4B67-A2D4-84E757CE0BE9} = {2ADEE33B-D2BC-421D-9A4F-49569A519F6E}
		{267A1420-8B49-4B6C-8D22-6B9DF6B55512} = {2ADEE33B-D2BC-421D-9A4F-49569A519F6E}
		{E1083D09-37CA-4C20-9C70-98272E853D13} = {CB9906F0-0E9E-4680-8B19-1259F5F34876}
		{A236C8FF-13A7-4514-B25B-3305AD31594D} = {7D71B8E0-0545-40A2-AF72-5CBA4879A83B}
		{9B714FC9-2CF9-493F-8589-9BAAC7FA4F3B} = {7D71B8E0-0545-40A2-AF72-5CBA4879A83B}
		{406D3EEE-2CD8-4BAE-98DB-A454CB15592D} = {7D71B8E0-0545-40A2-AF72-5CBA4879A83B}
		{92D4F6C8-D1C7-489A-B718-55EB1F6DEC12} = {7D71B8E0-0545-40A2-AF72-5CBA4879A83B}
		{6B137927-BB91-474E-A515-A19DA0DBF274} = {7D71B8E0-0545-40A2-AF72-5CBA4879A83B}
	EndGlobalSection
	GlobalSection(ExtensibilityGlobals) = postSolution
		SolutionGuid = {C4224A2F-A593-4045-A158-2B2E6BE5B294}
	EndGlobalSection
EndGlobal
